// !$*UTF8*$!
{
	archiveVersion = 1;
	classes = {
	};
	objectVersion = 50;
	objects = {

/* Begin PBXBuildFile section */
		1710097223258D1200569DA8 /* ExpensesViewController.swift in Sources */ = {isa = PBXBuildFile; fileRef = 1710097123258D1200569DA8 /* ExpensesViewController.swift */; };
		17140B642323C8DB0076EDAF /* Calculator.swift in Sources */ = {isa = PBXBuildFile; fileRef = 17140B632323C8DB0076EDAF /* Calculator.swift */; };
		3E8D9D0B2316C52A00C08294 /* ExpensesTableViewCell.swift in Sources */ = {isa = PBXBuildFile; fileRef = 3E8D9D0A2316C52A00C08294 /* ExpensesTableViewCell.swift */; };
		3E8D9D0D2316C54900C08294 /* IncomModel.swift in Sources */ = {isa = PBXBuildFile; fileRef = 3E8D9D0C2316C54900C08294 /* IncomModel.swift */; };
		3E8D9D0F2316C56200C08294 /* ExpensesModel.swift in Sources */ = {isa = PBXBuildFile; fileRef = 3E8D9D0E2316C56200C08294 /* ExpensesModel.swift */; };
		3E8D9D112316C77000C08294 /* IncomeViewController.swift in Sources */ = {isa = PBXBuildFile; fileRef = 3E8D9D102316C77000C08294 /* IncomeViewController.swift */; };
		3E8E1B6022FC1072007718FA /* AppDelegate.swift in Sources */ = {isa = PBXBuildFile; fileRef = 3E8E1B5F22FC1072007718FA /* AppDelegate.swift */; };
		3E8E1B6222FC1072007718FA /* ViewController.swift in Sources */ = {isa = PBXBuildFile; fileRef = 3E8E1B6122FC1072007718FA /* ViewController.swift */; };
		3E8E1B6522FC1072007718FA /* Main.storyboard in Resources */ = {isa = PBXBuildFile; fileRef = 3E8E1B6322FC1072007718FA /* Main.storyboard */; };
		3E8E1B6822FC1072007718FA /* Money_Wallet.xcdatamodeld in Sources */ = {isa = PBXBuildFile; fileRef = 3E8E1B6622FC1072007718FA /* Money_Wallet.xcdatamodeld */; };
		3E8E1B6A22FC1076007718FA /* Assets.xcassets in Resources */ = {isa = PBXBuildFile; fileRef = 3E8E1B6922FC1076007718FA /* Assets.xcassets */; };
		3E8E1B6D22FC1076007718FA /* LaunchScreen.storyboard in Resources */ = {isa = PBXBuildFile; fileRef = 3E8E1B6B22FC1076007718FA /* LaunchScreen.storyboard */; };
		3F3FD0E4231EEA2B00CE4A79 /* IncomeTableViewCell.swift in Sources */ = {isa = PBXBuildFile; fileRef = 3F3FD0E3231EEA2B00CE4A79 /* IncomeTableViewCell.swift */; };
/* End PBXBuildFile section */

/* Begin PBXFileReference section */
		1710097123258D1200569DA8 /* ExpensesViewController.swift */ = {isa = PBXFileReference; lastKnownFileType = sourcecode.swift; path = ExpensesViewController.swift; sourceTree = "<group>"; };
		17140B632323C8DB0076EDAF /* Calculator.swift */ = {isa = PBXFileReference; lastKnownFileType = sourcecode.swift; path = Calculator.swift; sourceTree = "<group>"; };
		3E8D9D0A2316C52A00C08294 /* ExpensesTableViewCell.swift */ = {isa = PBXFileReference; lastKnownFileType = sourcecode.swift; path = ExpensesTableViewCell.swift; sourceTree = "<group>"; };
		3E8D9D0C2316C54900C08294 /* IncomModel.swift */ = {isa = PBXFileReference; lastKnownFileType = sourcecode.swift; path = IncomModel.swift; sourceTree = "<group>"; };
		3E8D9D0E2316C56200C08294 /* ExpensesModel.swift */ = {isa = PBXFileReference; lastKnownFileType = sourcecode.swift; path = ExpensesModel.swift; sourceTree = "<group>"; };
		3E8D9D102316C77000C08294 /* IncomeViewController.swift */ = {isa = PBXFileReference; lastKnownFileType = sourcecode.swift; path = IncomeViewController.swift; sourceTree = "<group>"; };
		3E8E1B5C22FC1072007718FA /* Money Wallet.app */ = {isa = PBXFileReference; explicitFileType = wrapper.application; includeInIndex = 0; path = "Money Wallet.app"; sourceTree = BUILT_PRODUCTS_DIR; };
		3E8E1B5F22FC1072007718FA /* AppDelegate.swift */ = {isa = PBXFileReference; lastKnownFileType = sourcecode.swift; path = AppDelegate.swift; sourceTree = "<group>"; };
		3E8E1B6122FC1072007718FA /* ViewController.swift */ = {isa = PBXFileReference; lastKnownFileType = sourcecode.swift; path = ViewController.swift; sourceTree = "<group>"; };
		3E8E1B6422FC1072007718FA /* Base */ = {isa = PBXFileReference; lastKnownFileType = file.storyboard; name = Base; path = Base.lproj/Main.storyboard; sourceTree = "<group>"; };
		3E8E1B6722FC1072007718FA /* Money_Wallet.xcdatamodel */ = {isa = PBXFileReference; lastKnownFileType = wrapper.xcdatamodel; path = Money_Wallet.xcdatamodel; sourceTree = "<group>"; };
		3E8E1B6922FC1076007718FA /* Assets.xcassets */ = {isa = PBXFileReference; lastKnownFileType = folder.assetcatalog; path = Assets.xcassets; sourceTree = "<group>"; };
		3E8E1B6C22FC1076007718FA /* Base */ = {isa = PBXFileReference; lastKnownFileType = file.storyboard; name = Base; path = Base.lproj/LaunchScreen.storyboard; sourceTree = "<group>"; };
		3E8E1B6E22FC1076007718FA /* Info.plist */ = {isa = PBXFileReference; lastKnownFileType = text.plist.xml; path = Info.plist; sourceTree = "<group>"; };
		3F3FD0E3231EEA2B00CE4A79 /* IncomeTableViewCell.swift */ = {isa = PBXFileReference; lastKnownFileType = sourcecode.swift; path = IncomeTableViewCell.swift; sourceTree = "<group>"; };
/* End PBXFileReference section */

/* Begin PBXFrameworksBuildPhase section */
		3E8E1B5922FC1072007718FA /* Frameworks */ = {
			isa = PBXFrameworksBuildPhase;
			buildActionMask = 2147483647;
			files = (
			);
			runOnlyForDeploymentPostprocessing = 0;
		};
/* End PBXFrameworksBuildPhase section */

/* Begin PBXGroup section */
		3E8D9D012316C3D400C08294 /* Income */ = {
			isa = PBXGroup;
			children = (
				3E8D9D102316C77000C08294 /* IncomeViewController.swift */,
				3E8D9D0C2316C54900C08294 /* IncomModel.swift */,
				3F3FD0E3231EEA2B00CE4A79 /* IncomeTableViewCell.swift */,
			);
			path = Income;
			sourceTree = "<group>";
		};
		3E8D9D022316C40100C08294 /* Expenses */ = {
			isa = PBXGroup;
			children = (
				1710097123258D1200569DA8 /* ExpensesViewController.swift */,
				3E8D9D0E2316C56200C08294 /* ExpensesModel.swift */,
				3E8D9D0A2316C52A00C08294 /* ExpensesTableViewCell.swift */,
			);
			path = Expenses;
			sourceTree = "<group>";
		};
		3E8D9D032316C42000C08294 /* Dashboard */ = {
			isa = PBXGroup;
			children = (
				3E8E1B6122FC1072007718FA /* ViewController.swift */,
			);
			path = Dashboard;
			sourceTree = "<group>";
		};
		3E8E1B5322FC1071007718FA = {
			isa = PBXGroup;
			children = (
				3E8E1B5E22FC1072007718FA /* Money Wallet */,
				3E8E1B5D22FC1072007718FA /* Products */,
			);
			sourceTree = "<group>";
		};
		3E8E1B5D22FC1072007718FA /* Products */ = {
			isa = PBXGroup;
			children = (
				3E8E1B5C22FC1072007718FA /* Money Wallet.app */,
			);
			name = Products;
			sourceTree = "<group>";
		};
		3E8E1B5E22FC1072007718FA /* Money Wallet */ = {
			isa = PBXGroup;
			children = (
				3E8E1B5F22FC1072007718FA /* AppDelegate.swift */,
				17140B632323C8DB0076EDAF /* Calculator.swift */,
				3E8D9D032316C42000C08294 /* Dashboard */,
				3E8D9D012316C3D400C08294 /* Income */,
				3E8D9D022316C40100C08294 /* Expenses */,
				3E8E1B6322FC1072007718FA /* Main.storyboard */,
				3E8E1B6922FC1076007718FA /* Assets.xcassets */,
				3E8E1B6B22FC1076007718FA /* LaunchScreen.storyboard */,
				3E8E1B6E22FC1076007718FA /* Info.plist */,
				3E8E1B6622FC1072007718FA /* Money_Wallet.xcdatamodeld */,
			);
			path = "Money Wallet";
			sourceTree = "<group>";
		};
/* End PBXGroup section */

/* Begin PBXNativeTarget section */
		3E8E1B5B22FC1072007718FA /* Money Wallet */ = {
			isa = PBXNativeTarget;
			buildConfigurationList = 3E8E1B7122FC1076007718FA /* Build configuration list for PBXNativeTarget "Money Wallet" */;
			buildPhases = (
				3E8E1B5822FC1072007718FA /* Sources */,
				3E8E1B5922FC1072007718FA /* Frameworks */,
				3E8E1B5A22FC1072007718FA /* Resources */,
			);
			buildRules = (
			);
			dependencies = (
			);
			name = "Money Wallet";
			productName = "Money Wallet";
			productReference = 3E8E1B5C22FC1072007718FA /* Money Wallet.app */;
			productType = "com.apple.product-type.application";
		};
/* End PBXNativeTarget section */

/* Begin PBXProject section */
		3E8E1B5422FC1071007718FA /* Project object */ = {
			isa = PBXProject;
			attributes = {
				LastSwiftUpdateCheck = 1030;
				LastUpgradeCheck = 1030;
				ORGANIZATIONNAME = arh;
				TargetAttributes = {
					3E8E1B5B22FC1072007718FA = {
						CreatedOnToolsVersion = 10.3;
					};
				};
			};
			buildConfigurationList = 3E8E1B5722FC1071007718FA /* Build configuration list for PBXProject "Money Wallet" */;
			compatibilityVersion = "Xcode 9.3";
			developmentRegion = en;
			hasScannedForEncodings = 0;
			knownRegions = (
				en,
				Base,
			);
			mainGroup = 3E8E1B5322FC1071007718FA;
			productRefGroup = 3E8E1B5D22FC1072007718FA /* Products */;
			projectDirPath = "";
			projectRoot = "";
			targets = (
				3E8E1B5B22FC1072007718FA /* Money Wallet */,
			);
		};
/* End PBXProject section */

/* Begin PBXResourcesBuildPhase section */
		3E8E1B5A22FC1072007718FA /* Resources */ = {
			isa = PBXResourcesBuildPhase;
			buildActionMask = 2147483647;
			files = (
				3E8E1B6D22FC1076007718FA /* LaunchScreen.storyboard in Resources */,
				3E8E1B6A22FC1076007718FA /* Assets.xcassets in Resources */,
				3E8E1B6522FC1072007718FA /* Main.storyboard in Resources */,
			);
			runOnlyForDeploymentPostprocessing = 0;
		};
/* End PBXResourcesBuildPhase section */

/* Begin PBXSourcesBuildPhase section */
		3E8E1B5822FC1072007718FA /* Sources */ = {
			isa = PBXSourcesBuildPhase;
			buildActionMask = 2147483647;
			files = (
				3E8D9D0B2316C52A00C08294 /* ExpensesTableViewCell.swift in Sources */,
				3E8E1B6222FC1072007718FA /* ViewController.swift in Sources */,
				3F3FD0E4231EEA2B00CE4A79 /* IncomeTableViewCell.swift in Sources */,
				1710097223258D1200569DA8 /* ExpensesViewController.swift in Sources */,
				3E8E1B6822FC1072007718FA /* Money_Wallet.xcdatamodeld in Sources */,
				17140B642323C8DB0076EDAF /* Calculator.swift in Sources */,
				3E8D9D112316C77000C08294 /* IncomeViewController.swift in Sources */,
				3E8D9D0D2316C54900C08294 /* IncomModel.swift in Sources */,
				3E8E1B6022FC1072007718FA /* AppDelegate.swift in Sources */,
				3E8D9D0F2316C56200C08294 /* ExpensesModel.swift in Sources */,
			);
			runOnlyForDeploymentPostprocessing = 0;
		};
/* End PBXSourcesBuildPhase section */

/* Begin PBXVariantGroup section */
		3E8E1B6322FC1072007718FA /* Main.storyboard */ = {
			isa = PBXVariantGroup;
			children = (
				3E8E1B6422FC1072007718FA /* Base */,
			);
			name = Main.storyboard;
			sourceTree = "<group>";
		};
		3E8E1B6B22FC1076007718FA /* LaunchScreen.storyboard */ = {
			isa = PBXVariantGroup;
			children = (
				3E8E1B6C22FC1076007718FA /* Base */,
			);
			name = LaunchScreen.storyboard;
			sourceTree = "<group>";
		};
/* End PBXVariantGroup section */

/* Begin XCBuildConfiguration section */
		3E8E1B6F22FC1076007718FA /* Debug */ = {
			isa = XCBuildConfiguration;
			buildSettings = {
				ALWAYS_SEARCH_USER_PATHS = NO;
				CLANG_ANALYZER_NONNULL = YES;
				CLANG_ANALYZER_NUMBER_OBJECT_CONVERSION = YES_AGGRESSIVE;
				CLANG_CXX_LANGUAGE_STANDARD = "gnu++14";
				CLANG_CXX_LIBRARY = "libc++";
				CLANG_ENABLE_MODULES = YES;
				CLANG_ENABLE_OBJC_ARC = YES;
				CLANG_ENABLE_OBJC_WEAK = YES;
				CLANG_WARN_BLOCK_CAPTURE_AUTORELEASING = YES;
				CLANG_WARN_BOOL_CONVERSION = YES;
				CLANG_WARN_COMMA = YES;
				CLANG_WARN_CONSTANT_CONVERSION = YES;
				CLANG_WARN_DEPRECATED_OBJC_IMPLEMENTATIONS = YES;
				CLANG_WARN_DIRECT_OBJC_ISA_USAGE = YES_ERROR;
				CLANG_WARN_DOCUMENTATION_COMMENTS = YES;
				CLANG_WARN_EMPTY_BODY = YES;
				CLANG_WARN_ENUM_CONVERSION = YES;
				CLANG_WARN_INFINITE_RECURSION = YES;
				CLANG_WARN_INT_CONVERSION = YES;
				CLANG_WARN_NON_LITERAL_NULL_CONVERSION = YES;
				CLANG_WARN_OBJC_IMPLICIT_RETAIN_SELF = YES;
				CLANG_WARN_OBJC_LITERAL_CONVERSION = YES;
				CLANG_WARN_OBJC_ROOT_CLASS = YES_ERROR;
				CLANG_WARN_RANGE_LOOP_ANALYSIS = YES;
				CLANG_WARN_STRICT_PROTOTYPES = YES;
				CLANG_WARN_SUSPICIOUS_MOVE = YES;
				CLANG_WARN_UNGUARDED_AVAILABILITY = YES_AGGRESSIVE;
				CLANG_WARN_UNREACHABLE_CODE = YES;
				CLANG_WARN__DUPLICATE_METHOD_MATCH = YES;
				CODE_SIGN_IDENTITY = "iPhone Developer";
				COPY_PHASE_STRIP = NO;
				DEBUG_INFORMATION_FORMAT = dwarf;
				ENABLE_STRICT_OBJC_MSGSEND = YES;
				ENABLE_TESTABILITY = YES;
				GCC_C_LANGUAGE_STANDARD = gnu11;
				GCC_DYNAMIC_NO_PIC = NO;
				GCC_NO_COMMON_BLOCKS = YES;
				GCC_OPTIMIZATION_LEVEL = 0;
				GCC_PREPROCESSOR_DEFINITIONS = (
					"DEBUG=1",
					"$(inherited)",
				);
				GCC_WARN_64_TO_32_BIT_CONVERSION = YES;
				GCC_WARN_ABOUT_RETURN_TYPE = YES_ERROR;
				GCC_WARN_UNDECLARED_SELECTOR = YES;
				GCC_WARN_UNINITIALIZED_AUTOS = YES_AGGRESSIVE;
				GCC_WARN_UNUSED_FUNCTION = YES;
				GCC_WARN_UNUSED_VARIABLE = YES;
				IPHONEOS_DEPLOYMENT_TARGET = 12.4;
				MTL_ENABLE_DEBUG_INFO = INCLUDE_SOURCE;
				MTL_FAST_MATH = YES;
				ONLY_ACTIVE_ARCH = YES;
				SDKROOT = iphoneos;
				SWIFT_ACTIVE_COMPILATION_CONDITIONS = DEBUG;
				SWIFT_OPTIMIZATION_LEVEL = "-Onone";
			};
			name = Debug;
		};
		3E8E1B7022FC1076007718FA /* Release */ = {
			isa = XCBuildConfiguration;
			buildSettings = {
				ALWAYS_SEARCH_USER_PATHS = NO;
				CLANG_ANALYZER_NONNULL = YES;
				CLANG_ANALYZER_NUMBER_OBJECT_CONVERSION = YES_AGGRESSIVE;
				CLANG_CXX_LANGUAGE_STANDARD = "gnu++14";
				CLANG_CXX_LIBRARY = "libc++";
				CLANG_ENABLE_MODULES = YES;
				CLANG_ENABLE_OBJC_ARC = YES;
				CLANG_ENABLE_OBJC_WEAK = YES;
				CLANG_WARN_BLOCK_CAPTURE_AUTORELEASING = YES;
				CLANG_WARN_BOOL_CONVERSION = YES;
				CLANG_WARN_COMMA = YES;
				CLANG_WARN_CONSTANT_CONVERSION = YES;
				CLANG_WARN_DEPRECATED_OBJC_IMPLEMENTATIONS = YES;
				CLANG_WARN_DIRECT_OBJC_ISA_USAGE = YES_ERROR;
				CLANG_WARN_DOCUMENTATION_COMMENTS = YES;
				CLANG_WARN_EMPTY_BODY = YES;
				CLANG_WARN_ENUM_CONVERSION = YES;
				CLANG_WARN_INFINITE_RECURSION = YES;
				CLANG_WARN_INT_CONVERSION = YES;
				CLANG_WARN_NON_LITERAL_NULL_CONVERSION = YES;
				CLANG_WARN_OBJC_IMPLICIT_RETAIN_SELF = YES;
				CLANG_WARN_OBJC_LITERAL_CONVERSION = YES;
				CLANG_WARN_OBJC_ROOT_CLASS = YES_ERROR;
				CLANG_WARN_RANGE_LOOP_ANALYSIS = YES;
				CLANG_WARN_STRICT_PROTOTYPES = YES;
				CLANG_WARN_SUSPICIOUS_MOVE = YES;
				CLANG_WARN_UNGUARDED_AVAILABILITY = YES_AGGRESSIVE;
				CLANG_WARN_UNREACHABLE_CODE = YES;
				CLANG_WARN__DUPLICATE_METHOD_MATCH = YES;
				CODE_SIGN_IDENTITY = "iPhone Developer";
				COPY_PHASE_STRIP = NO;
				DEBUG_INFORMATION_FORMAT = "dwarf-with-dsym";
				ENABLE_NS_ASSERTIONS = NO;
				ENABLE_STRICT_OBJC_MSGSEND = YES;
				GCC_C_LANGUAGE_STANDARD = gnu11;
				GCC_NO_COMMON_BLOCKS = YES;
				GCC_WARN_64_TO_32_BIT_CONVERSION = YES;
				GCC_WARN_ABOUT_RETURN_TYPE = YES_ERROR;
				GCC_WARN_UNDECLARED_SELECTOR = YES;
				GCC_WARN_UNINITIALIZED_AUTOS = YES_AGGRESSIVE;
				GCC_WARN_UNUSED_FUNCTION = YES;
				GCC_WARN_UNUSED_VARIABLE = YES;
				IPHONEOS_DEPLOYMENT_TARGET = 12.4;
				MTL_ENABLE_DEBUG_INFO = NO;
				MTL_FAST_MATH = YES;
				SDKROOT = iphoneos;
				SWIFT_COMPILATION_MODE = wholemodule;
				SWIFT_OPTIMIZATION_LEVEL = "-O";
				VALIDATE_PRODUCT = YES;
			};
			name = Release;
		};
		3E8E1B7222FC1076007718FA /* Debug */ = {
			isa = XCBuildConfiguration;
			buildSettings = {
				ASSETCATALOG_COMPILER_APPICON_NAME = AppIcon;
				CODE_SIGN_STYLE = Automatic;
				INFOPLIST_FILE = "Money Wallet/Info.plist";
				IPHONEOS_DEPLOYMENT_TARGET = 12.2;
				LD_RUNPATH_SEARCH_PATHS = (
					"$(inherited)",
					"@executable_path/Frameworks",
				);
				PRODUCT_BUNDLE_IDENTIFIER = "home.Money-Wallet";
				PRODUCT_NAME = "$(TARGET_NAME)";
				SWIFT_VERSION = 4.0;
				TARGETED_DEVICE_FAMILY = "1,2";
			};
			name = Debug;
		};
		3E8E1B7322FC1076007718FA /* Release */ = {
			isa = XCBuildConfiguration;
			buildSettings = {
				ASSETCATALOG_COMPILER_APPICON_NAME = AppIcon;
				CODE_SIGN_STYLE = Automatic;
				INFOPLIST_FILE = "Money Wallet/Info.plist";
				IPHONEOS_DEPLOYMENT_TARGET = 12.2;
				LD_RUNPATH_SEARCH_PATHS = (
					"$(inherited)",
					"@executable_path/Frameworks",
				);
				PRODUCT_BUNDLE_IDENTIFIER = "home.Money-Wallet";
				PRODUCT_NAME = "$(TARGET_NAME)";
				SWIFT_VERSION = 4.0;
				TARGETED_DEVICE_FAMILY = "1,2";
			};
			name = Release;
		};
/* End XCBuildConfiguration section */

/* Begin XCConfigurationList section */
		3E8E1B5722FC1071007718FA /* Build configuration list for PBXProject "Money Wallet" */ = {
			isa = XCConfigurationList;
			buildConfigurations = (
				3E8E1B6F22FC1076007718FA /* Debug */,
				3E8E1B7022FC1076007718FA /* Release */,
			);
			defaultConfigurationIsVisible = 0;
			defaultConfigurationName = Release;
		};
		3E8E1B7122FC1076007718FA /* Build configuration list for PBXNativeTarget "Money Wallet" */ = {
			isa = XCConfigurationList;
			buildConfigurations = (
				3E8E1B7222FC1076007718FA /* Debug */,
				3E8E1B7322FC1076007718FA /* Release */,
			);
			defaultConfigurationIsVisible = 0;
			defaultConfigurationName = Release;
		};
/* End XCConfigurationList section */

/* Begin XCVersionGroup section */
		3E8E1B6622FC1072007718FA /* Money_Wallet.xcdatamodeld */ = {
			isa = XCVersionGroup;
			children = (
				3E8E1B6722FC1072007718FA /* Money_Wallet.xcdatamodel */,
			);
			currentVersion = 3E8E1B6722FC1072007718FA /* Money_Wallet.xcdatamodel */;
			path = Money_Wallet.xcdatamodeld;
			sourceTree = "<group>";
			versionGroupType = wrapper.xcdatamodel;
		};
/* End XCVersionGroup section */
	};
	rootObject = 3E8E1B5422FC1071007718FA /* Project object */;
}
